
Microsoft Visual Studio Solution File, Format Version 12.00
# Visual Studio Version 16
VisualStudioVersion = 16.0.29001.49
MinimumVisualStudioVersion = 10.0.40219.1
Project("{FAE04EC0-301F-11D3-BF4B-00C04F79EFBC}") = "hello world", "hello world\hello world.csproj", "{83304045-0F26-49FD-82ED-8E92CADAE2BB}"
EndProject
Global
	GlobalSection(SolutionConfigurationPlatforms) = preSolution
		Debug|Any CPU = Debug|Any CPU
		Release|Any CPU = Release|Any CPU
	EndGlobalSection
	GlobalSection(ProjectConfigurationPlatforms) = postSolution
		{83304045-0F26-49FD-82ED-8E92CADAE2BB}.Debug|Any CPU.ActiveCfg = Debug|Any CPU
		{83304045-0F26-49FD-82ED-8E92CADAE2BB}.Debug|Any CPU.Build.0 = Debug|Any CPU
		{83304045-0F26-49FD-82ED-8E92CADAE2BB}.Release|Any CPU.ActiveCfg = Release|Any CPU
		{83304045-0F26-49FD-82ED-8E92CADAE2BB}.Release|Any CPU.Build.0 = Release|Any CPU
	EndGlobalSection
	GlobalSection(SolutionProperties) = preSolution
		HideSolutionNode = FALSE
	EndGlobalSection
	GlobalSection(ExtensibilityGlobals) = postSolution
		SolutionGuid = {910B5DF6-124C-457E-9666-15AB21C9AF02}
	EndGlobalSection
EndGlobal
